
Microsoft Visual Studio Solution File, Format Version 12.00
# Visual Studio Version 17
VisualStudioVersion = 17.11.35222.181
MinimumVisualStudioVersion = 10.0.40219.1
Project("{FAE04EC0-301F-11D3-BF4B-00C04F79EFBC}") = "ORMPractices", "ORMPractices\ORMPractices.csproj", "{ADF155FE-5828-4CD2-903D-3B9445ACBCD5}"
EndProject
Global
	GlobalSection(SolutionConfigurationPlatforms) = preSolution
		Debug|Any CPU = Debug|Any CPU
		Release|Any CPU = Release|Any CPU
	EndGlobalSection
	GlobalSection(ProjectConfigurationPlatforms) = postSolution
		{ADF155FE-5828-4CD2-903D-3B9445ACBCD5}.Debug|Any CPU.ActiveCfg = Debug|Any CPU
		{ADF155FE-5828-4CD2-903D-3B9445ACBCD5}.Debug|Any CPU.Build.0 = Debug|Any CPU
		{ADF155FE-5828-4CD2-903D-3B9445ACBCD5}.Release|Any CPU.ActiveCfg = Release|Any CPU
		{ADF155FE-5828-4CD2-903D-3B9445ACBCD5}.Release|Any CPU.Build.0 = Release|Any CPU
	EndGlobalSection
	GlobalSection(SolutionProperties) = preSolution
		HideSolutionNode = FALSE
	EndGlobalSection
	GlobalSection(ExtensibilityGlobals) = postSolution
		SolutionGuid = {3A68705D-3DE0-485F-8BD5-41C8DB35F5E4}
	EndGlobalSection
EndGlobal
