
Microsoft Visual Studio Solution File, Format Version 12.00
# Visual Studio Version 17
VisualStudioVersion = 17.11.35222.181
MinimumVisualStudioVersion = 10.0.40219.1
Project("{FAE04EC0-301F-11D3-BF4B-00C04F79EFBC}") = "UnderstandingDelegates", "UnderstandingDelegates\UnderstandingDelegates.csproj", "{CC0634AE-902A-456B-B1BA-4C127AA3696B}"
EndProject
Global
	GlobalSection(SolutionConfigurationPlatforms) = preSolution
		Debug|Any CPU = Debug|Any CPU
		Release|Any CPU = Release|Any CPU
	EndGlobalSection
	GlobalSection(ProjectConfigurationPlatforms) = postSolution
		{CC0634AE-902A-456B-B1BA-4C127AA3696B}.Debug|Any CPU.ActiveCfg = Debug|Any CPU
		{CC0634AE-902A-456B-B1BA-4C127AA3696B}.Debug|Any CPU.Build.0 = Debug|Any CPU
		{CC0634AE-902A-456B-B1BA-4C127AA3696B}.Release|Any CPU.ActiveCfg = Release|Any CPU
		{CC0634AE-902A-456B-B1BA-4C127AA3696B}.Release|Any CPU.Build.0 = Release|Any CPU
	EndGlobalSection
	GlobalSection(SolutionProperties) = preSolution
		HideSolutionNode = FALSE
	EndGlobalSection
	GlobalSection(ExtensibilityGlobals) = postSolution
		SolutionGuid = {12161D21-B93B-4FFD-B7E9-5A966DB260B3}
	EndGlobalSection
EndGlobal
