
Microsoft Visual Studio Solution File, Format Version 12.00
# Visual Studio Version 17
VisualStudioVersion = 17.11.35222.181
MinimumVisualStudioVersion = 10.0.40219.1
Project("{FAE04EC0-301F-11D3-BF4B-00C04F79EFBC}") = "longestAndShortedWord", "longestAndShortedWord\longestAndShortedWord.csproj", "{C3D22905-2417-48DC-9AED-F8E7BAE9A964}"
EndProject
Global
	GlobalSection(SolutionConfigurationPlatforms) = preSolution
		Debug|Any CPU = Debug|Any CPU
		Release|Any CPU = Release|Any CPU
	EndGlobalSection
	GlobalSection(ProjectConfigurationPlatforms) = postSolution
		{C3D22905-2417-48DC-9AED-F8E7BAE9A964}.Debug|Any CPU.ActiveCfg = Debug|Any CPU
		{C3D22905-2417-48DC-9AED-F8E7BAE9A964}.Debug|Any CPU.Build.0 = Debug|Any CPU
		{C3D22905-2417-48DC-9AED-F8E7BAE9A964}.Release|Any CPU.ActiveCfg = Release|Any CPU
		{C3D22905-2417-48DC-9AED-F8E7BAE9A964}.Release|Any CPU.Build.0 = Release|Any CPU
	EndGlobalSection
	GlobalSection(SolutionProperties) = preSolution
		HideSolutionNode = FALSE
	EndGlobalSection
	GlobalSection(ExtensibilityGlobals) = postSolution
		SolutionGuid = {A255FD2D-F801-48B9-8E2D-71B8ED07E644}
	EndGlobalSection
EndGlobal
