
Microsoft Visual Studio Solution File, Format Version 12.00
# Visual Studio Version 17
VisualStudioVersion = 17.11.35222.181
MinimumVisualStudioVersion = 10.0.40219.1
Project("{FAE04EC0-301F-11D3-BF4B-00C04F79EFBC}") = "Assignment", "Assignment\Assignment.csproj", "{986EF45F-E2D6-467C-8401-A01298A4A49B}"
EndProject
Global
	GlobalSection(SolutionConfigurationPlatforms) = preSolution
		Debug|Any CPU = Debug|Any CPU
		Release|Any CPU = Release|Any CPU
	EndGlobalSection
	GlobalSection(ProjectConfigurationPlatforms) = postSolution
		{986EF45F-E2D6-467C-8401-A01298A4A49B}.Debug|Any CPU.ActiveCfg = Debug|Any CPU
		{986EF45F-E2D6-467C-8401-A01298A4A49B}.Debug|Any CPU.Build.0 = Debug|Any CPU
		{986EF45F-E2D6-467C-8401-A01298A4A49B}.Release|Any CPU.ActiveCfg = Release|Any CPU
		{986EF45F-E2D6-467C-8401-A01298A4A49B}.Release|Any CPU.Build.0 = Release|Any CPU
	EndGlobalSection
	GlobalSection(SolutionProperties) = preSolution
		HideSolutionNode = FALSE
	EndGlobalSection
	GlobalSection(ExtensibilityGlobals) = postSolution
		SolutionGuid = {6C651DEB-2DD6-4F7E-A012-076D2633C432}
	EndGlobalSection
EndGlobal
