
Microsoft Visual Studio Solution File, Format Version 12.00
# Visual Studio Version 17
VisualStudioVersion = 17.11.35222.181
MinimumVisualStudioVersion = 10.0.40219.1
Project("{FAE04EC0-301F-11D3-BF4B-00C04F79EFBC}") = "LandingPageWebsite", "LandingPageWebsite\LandingPageWebsite.csproj", "{E5890856-315F-45AB-BF4F-0EA9305BA561}"
EndProject
Global
	GlobalSection(SolutionConfigurationPlatforms) = preSolution
		Debug|Any CPU = Debug|Any CPU
		Release|Any CPU = Release|Any CPU
	EndGlobalSection
	GlobalSection(ProjectConfigurationPlatforms) = postSolution
		{E5890856-315F-45AB-BF4F-0EA9305BA561}.Debug|Any CPU.ActiveCfg = Debug|Any CPU
		{E5890856-315F-45AB-BF4F-0EA9305BA561}.Debug|Any CPU.Build.0 = Debug|Any CPU
		{E5890856-315F-45AB-BF4F-0EA9305BA561}.Release|Any CPU.ActiveCfg = Release|Any CPU
		{E5890856-315F-45AB-BF4F-0EA9305BA561}.Release|Any CPU.Build.0 = Release|Any CPU
	EndGlobalSection
	GlobalSection(SolutionProperties) = preSolution
		HideSolutionNode = FALSE
	EndGlobalSection
	GlobalSection(ExtensibilityGlobals) = postSolution
		SolutionGuid = {4C00AAE4-7C83-4CEC-B64E-97940D9285F0}
	EndGlobalSection
EndGlobal
