
Microsoft Visual Studio Solution File, Format Version 12.00
# Visual Studio Version 17
VisualStudioVersion = 17.11.35222.181
MinimumVisualStudioVersion = 10.0.40219.1
Project("{FAE04EC0-301F-11D3-BF4B-00C04F79EFBC}") = "AccoutApplication", "AccoutApplication\AccoutApplication.csproj", "{AE6C9EF3-18E1-430C-9648-D030F71A0954}"
EndProject
Global
	GlobalSection(SolutionConfigurationPlatforms) = preSolution
		Debug|Any CPU = Debug|Any CPU
		Release|Any CPU = Release|Any CPU
	EndGlobalSection
	GlobalSection(ProjectConfigurationPlatforms) = postSolution
		{AE6C9EF3-18E1-430C-9648-D030F71A0954}.Debug|Any CPU.ActiveCfg = Debug|Any CPU
		{AE6C9EF3-18E1-430C-9648-D030F71A0954}.Debug|Any CPU.Build.0 = Debug|Any CPU
		{AE6C9EF3-18E1-430C-9648-D030F71A0954}.Release|Any CPU.ActiveCfg = Release|Any CPU
		{AE6C9EF3-18E1-430C-9648-D030F71A0954}.Release|Any CPU.Build.0 = Release|Any CPU
	EndGlobalSection
	GlobalSection(SolutionProperties) = preSolution
		HideSolutionNode = FALSE
	EndGlobalSection
	GlobalSection(ExtensibilityGlobals) = postSolution
		SolutionGuid = {DB7F2B60-4BA3-4DB1-B7EA-2EC23AAE414B}
	EndGlobalSection
EndGlobal
