
Microsoft Visual Studio Solution File, Format Version 12.00
# Visual Studio Version 17
VisualStudioVersion = 17.11.35222.181
MinimumVisualStudioVersion = 10.0.40219.1
Project("{FAE04EC0-301F-11D3-BF4B-00C04F79EFBC}") = "Lesson2_part2", "Lesson2_part2\Lesson2_part2.csproj", "{8AF19E27-C998-4334-9AFB-AC048C682FBF}"
EndProject
Global
	GlobalSection(SolutionConfigurationPlatforms) = preSolution
		Debug|Any CPU = Debug|Any CPU
		Release|Any CPU = Release|Any CPU
	EndGlobalSection
	GlobalSection(ProjectConfigurationPlatforms) = postSolution
		{8AF19E27-C998-4334-9AFB-AC048C682FBF}.Debug|Any CPU.ActiveCfg = Debug|Any CPU
		{8AF19E27-C998-4334-9AFB-AC048C682FBF}.Debug|Any CPU.Build.0 = Debug|Any CPU
		{8AF19E27-C998-4334-9AFB-AC048C682FBF}.Release|Any CPU.ActiveCfg = Release|Any CPU
		{8AF19E27-C998-4334-9AFB-AC048C682FBF}.Release|Any CPU.Build.0 = Release|Any CPU
	EndGlobalSection
	GlobalSection(SolutionProperties) = preSolution
		HideSolutionNode = FALSE
	EndGlobalSection
	GlobalSection(ExtensibilityGlobals) = postSolution
		SolutionGuid = {A17B64B8-A046-4773-B2C5-C732652E5BD8}
	EndGlobalSection
EndGlobal
