
Microsoft Visual Studio Solution File, Format Version 12.00
# Visual Studio Version 17
VisualStudioVersion = 17.11.35222.181
MinimumVisualStudioVersion = 10.0.40219.1
Project("{FAE04EC0-301F-11D3-BF4B-00C04F79EFBC}") = "FirstWebApp", "FirstWebApp\FirstWebApp.csproj", "{2EF61FBE-4DA0-4256-9620-521B64E93031}"
EndProject
Global
	GlobalSection(SolutionConfigurationPlatforms) = preSolution
		Debug|Any CPU = Debug|Any CPU
		Release|Any CPU = Release|Any CPU
	EndGlobalSection
	GlobalSection(ProjectConfigurationPlatforms) = postSolution
		{2EF61FBE-4DA0-4256-9620-521B64E93031}.Debug|Any CPU.ActiveCfg = Debug|Any CPU
		{2EF61FBE-4DA0-4256-9620-521B64E93031}.Debug|Any CPU.Build.0 = Debug|Any CPU
		{2EF61FBE-4DA0-4256-9620-521B64E93031}.Release|Any CPU.ActiveCfg = Release|Any CPU
		{2EF61FBE-4DA0-4256-9620-521B64E93031}.Release|Any CPU.Build.0 = Release|Any CPU
	EndGlobalSection
	GlobalSection(SolutionProperties) = preSolution
		HideSolutionNode = FALSE
	EndGlobalSection
	GlobalSection(ExtensibilityGlobals) = postSolution
		SolutionGuid = {DD2C5E22-9B2A-4506-9BC7-65341A6B90B9}
	EndGlobalSection
EndGlobal
